
Microsoft Visual Studio Solution File, Format Version 12.00
# Visual Studio Version 17
VisualStudioVersion = 17.4.33403.182
MinimumVisualStudioVersion = 10.0.40219.1
Project("{FAE04EC0-301F-11D3-BF4B-00C04F79EFBC}") = "MyApiNetCore6", "MyApiNetCore6\MyApiNetCore6.csproj", "{438DABF0-7CBE-455B-AAE2-DA5ABC52D7ED}"
EndProject
Global
	GlobalSection(SolutionConfigurationPlatforms) = preSolution
		Debug|Any CPU = Debug|Any CPU
		Release|Any CPU = Release|Any CPU
	EndGlobalSection
	GlobalSection(ProjectConfigurationPlatforms) = postSolution
		{438DABF0-7CBE-455B-AAE2-DA5ABC52D7ED}.Debug|Any CPU.ActiveCfg = Debug|Any CPU
		{438DABF0-7CBE-455B-AAE2-DA5ABC52D7ED}.Debug|Any CPU.Build.0 = Debug|Any CPU
		{438DABF0-7CBE-455B-AAE2-DA5ABC52D7ED}.Release|Any CPU.ActiveCfg = Release|Any CPU
		{438DABF0-7CBE-455B-AAE2-DA5ABC52D7ED}.Release|Any CPU.Build.0 = Release|Any CPU
	EndGlobalSection
	GlobalSection(SolutionProperties) = preSolution
		HideSolutionNode = FALSE
	EndGlobalSection
	GlobalSection(ExtensibilityGlobals) = postSolution
		SolutionGuid = {012BCA54-0D1F-4414-9ABA-568F24963EBC}
	EndGlobalSection
EndGlobal
