
Microsoft Visual Studio Solution File, Format Version 12.00
# Visual Studio Version 17
VisualStudioVersion = 17.4.33403.182
MinimumVisualStudioVersion = 10.0.40219.1
Project("{FAE04EC0-301F-11D3-BF4B-00C04F79EFBC}") = "BlazorEcommerce.Server", "BlazorEcommerce\Server\BlazorEcommerce.Server.csproj", "{256DD9AC-2286-4B35-99B5-81D4827F4C8B}"
EndProject
Project("{FAE04EC0-301F-11D3-BF4B-00C04F79EFBC}") = "BlazorEcommerce.Client", "BlazorEcommerce\Client\BlazorEcommerce.Client.csproj", "{A2BD90B0-B87F-42FA-8D95-14A6BD40E11D}"
EndProject
Project("{FAE04EC0-301F-11D3-BF4B-00C04F79EFBC}") = "BlazorEcommerce.Shared", "BlazorEcommerce\Shared\BlazorEcommerce.Shared.csproj", "{3EE002E3-30B5-414D-86C4-6B880CDC107F}"
EndProject
Global
	GlobalSection(SolutionConfigurationPlatforms) = preSolution
		Debug|Any CPU = Debug|Any CPU
		Release|Any CPU = Release|Any CPU
	EndGlobalSection
	GlobalSection(ProjectConfigurationPlatforms) = postSolution
		{256DD9AC-2286-4B35-99B5-81D4827F4C8B}.Debug|Any CPU.ActiveCfg = Debug|Any CPU
		{256DD9AC-2286-4B35-99B5-81D4827F4C8B}.Debug|Any CPU.Build.0 = Debug|Any CPU
		{256DD9AC-2286-4B35-99B5-81D4827F4C8B}.Release|Any CPU.ActiveCfg = Release|Any CPU
		{256DD9AC-2286-4B35-99B5-81D4827F4C8B}.Release|Any CPU.Build.0 = Release|Any CPU
		{A2BD90B0-B87F-42FA-8D95-14A6BD40E11D}.Debug|Any CPU.ActiveCfg = Debug|Any CPU
		{A2BD90B0-B87F-42FA-8D95-14A6BD40E11D}.Debug|Any CPU.Build.0 = Debug|Any CPU
		{A2BD90B0-B87F-42FA-8D95-14A6BD40E11D}.Release|Any CPU.ActiveCfg = Release|Any CPU
		{A2BD90B0-B87F-42FA-8D95-14A6BD40E11D}.Release|Any CPU.Build.0 = Release|Any CPU
		{3EE002E3-30B5-414D-86C4-6B880CDC107F}.Debug|Any CPU.ActiveCfg = Debug|Any CPU
		{3EE002E3-30B5-414D-86C4-6B880CDC107F}.Debug|Any CPU.Build.0 = Debug|Any CPU
		{3EE002E3-30B5-414D-86C4-6B880CDC107F}.Release|Any CPU.ActiveCfg = Release|Any CPU
		{3EE002E3-30B5-414D-86C4-6B880CDC107F}.Release|Any CPU.Build.0 = Release|Any CPU
	EndGlobalSection
	GlobalSection(SolutionProperties) = preSolution
		HideSolutionNode = FALSE
	EndGlobalSection
	GlobalSection(ExtensibilityGlobals) = postSolution
		SolutionGuid = {874C4842-DFCC-4AA8-BFA4-5C33B0FEDBB0}
	EndGlobalSection
EndGlobal
